// !$*UTF8*$!
{
	archiveVersion = 1;
	classes = {
	};
	objectVersion = 55;
	objects = {

/* Begin PBXBuildFile section */
		A1A6C2962716A9A9003374DD /* AppDelegate.swift in Sources */ = {isa = PBXBuildFile; fileRef = A1A6C2952716A9A9003374DD /* AppDelegate.swift */; };
		A1A6C2982716A9A9003374DD /* SceneDelegate.swift in Sources */ = {isa = PBXBuildFile; fileRef = A1A6C2972716A9A9003374DD /* SceneDelegate.swift */; };
		A1A6C29A2716A9A9003374DD /* ViewController.swift in Sources */ = {isa = PBXBuildFile; fileRef = A1A6C2992716A9A9003374DD /* ViewController.swift */; };
		A1A6C29D2716A9A9003374DD /* Main.storyboard in Resources */ = {isa = PBXBuildFile; fileRef = A1A6C29B2716A9A9003374DD /* Main.storyboard */; };
		A1A6C29F2716A9AB003374DD /* Assets.xcassets in Resources */ = {isa = PBXBuildFile; fileRef = A1A6C29E2716A9AB003374DD /* Assets.xcassets */; };
		A1A6C2A22716A9AB003374DD /* LaunchScreen.storyboard in Resources */ = {isa = PBXBuildFile; fileRef = A1A6C2A02716A9AB003374DD /* LaunchScreen.storyboard */; };
		A1A6C2AA2716AA09003374DD /* AvatarView.swift in Sources */ = {isa = PBXBuildFile; fileRef = A1A6C2A92716AA09003374DD /* AvatarView.swift */; };
		A1A6C2AC2716AA9F003374DD /* Arial Rounded Bold.ttf in Resources */ = {isa = PBXBuildFile; fileRef = A1A6C2AB2716AA9F003374DD /* Arial Rounded Bold.ttf */; };
/* End PBXBuildFile section */

/* Begin PBXFileReference section */
		A1A6C2922716A9A9003374DD /* MultiplayerSearch.app */ = {isa = PBXFileReference; explicitFileType = wrapper.application; includeInIndex = 0; path = MultiplayerSearch.app; sourceTree = BUILT_PRODUCTS_DIR; };
		A1A6C2952716A9A9003374DD /* AppDelegate.swift */ = {isa = PBXFileReference; lastKnownFileType = sourcecode.swift; path = AppDelegate.swift; sourceTree = "<group>"; };
		A1A6C2972716A9A9003374DD /* SceneDelegate.swift */ = {isa = PBXFileReference; lastKnownFileType = sourcecode.swift; path = SceneDelegate.swift; sourceTree = "<group>"; };
		A1A6C2992716A9A9003374DD /* ViewController.swift */ = {isa = PBXFileReference; lastKnownFileType = sourcecode.swift; path = ViewController.swift; sourceTree = "<group>"; };
		A1A6C29C2716A9A9003374DD /* Base */ = {isa = PBXFileReference; lastKnownFileType = file.storyboard; name = Base; path = Base.lproj/Main.storyboard; sourceTree = "<group>"; };
		A1A6C29E2716A9AB003374DD /* Assets.xcassets */ = {isa = PBXFileReference; lastKnownFileType = folder.assetcatalog; path = Assets.xcassets; sourceTree = "<group>"; };
		A1A6C2A12716A9AB003374DD /* Base */ = {isa = PBXFileReference; lastKnownFileType = file.storyboard; name = Base; path = Base.lproj/LaunchScreen.storyboard; sourceTree = "<group>"; };
		A1A6C2A32716A9AB003374DD /* Info.plist */ = {isa = PBXFileReference; lastKnownFileType = text.plist.xml; path = Info.plist; sourceTree = "<group>"; };
		A1A6C2A92716AA09003374DD /* AvatarView.swift */ = {isa = PBXFileReference; lastKnownFileType = sourcecode.swift; path = AvatarView.swift; sourceTree = "<group>"; };
		A1A6C2AB2716AA9F003374DD /* Arial Rounded Bold.ttf */ = {isa = PBXFileReference; lastKnownFileType = file; path = "Arial Rounded Bold.ttf"; sourceTree = "<group>"; };
/* End PBXFileReference section */

/* Begin PBXFrameworksBuildPhase section */
		A1A6C28F2716A9A9003374DD /* Frameworks */ = {
			isa = PBXFrameworksBuildPhase;
			buildActionMask = 2147483647;
			files = (
			);
			runOnlyForDeploymentPostprocessing = 0;
		};
/* End PBXFrameworksBuildPhase section */

/* Begin PBXGroup section */
		A1A6C2892716A9A9003374DD = {
			isa = PBXGroup;
			children = (
				A1A6C2942716A9A9003374DD /* MultiplayerSearch */,
				A1A6C2932716A9A9003374DD /* Products */,
			);
			sourceTree = "<group>";
		};
		A1A6C2932716A9A9003374DD /* Products */ = {
			isa = PBXGroup;
			children = (
				A1A6C2922716A9A9003374DD /* MultiplayerSearch.app */,
			);
			name = Products;
			sourceTree = "<group>";
		};
		A1A6C2942716A9A9003374DD /* MultiplayerSearch */ = {
			isa = PBXGroup;
			children = (
				A1A6C2952716A9A9003374DD /* AppDelegate.swift */,
				A1A6C2972716A9A9003374DD /* SceneDelegate.swift */,
				A1A6C2992716A9A9003374DD /* ViewController.swift */,
				A1A6C2A92716AA09003374DD /* AvatarView.swift */,
				A1A6C29B2716A9A9003374DD /* Main.storyboard */,
				A1A6C2A02716A9AB003374DD /* LaunchScreen.storyboard */,
				A1A6C29E2716A9AB003374DD /* Assets.xcassets */,
				A1A6C2AB2716AA9F003374DD /* Arial Rounded Bold.ttf */,
				A1A6C2A32716A9AB003374DD /* Info.plist */,
			);
			path = MultiplayerSearch;
			sourceTree = "<group>";
		};
/* End PBXGroup section */

/* Begin PBXNativeTarget section */
		A1A6C2912716A9A9003374DD /* MultiplayerSearch */ = {
			isa = PBXNativeTarget;
			buildConfigurationList = A1A6C2A62716A9AB003374DD /* Build configuration list for PBXNativeTarget "MultiplayerSearch" */;
			buildPhases = (
				A1A6C28E2716A9A9003374DD /* Sources */,
				A1A6C28F2716A9A9003374DD /* Frameworks */,
				A1A6C2902716A9A9003374DD /* Resources */,
			);
			buildRules = (
			);
			dependencies = (
			);
			name = MultiplayerSearch;
			productName = MultiplayerSearch;
			productReference = A1A6C2922716A9A9003374DD /* MultiplayerSearch.app */;
			productType = "com.apple.product-type.application";
		};
/* End PBXNativeTarget section */

/* Begin PBXProject section */
		A1A6C28A2716A9A9003374DD /* Project object */ = {
			isa = PBXProject;
			attributes = {
				BuildIndependentTargetsInParallel = 1;
				LastSwiftUpdateCheck = 1300;
				LastUpgradeCheck = 1300;
				TargetAttributes = {
					A1A6C2912716A9A9003374DD = {
						CreatedOnToolsVersion = 13.0;
					};
				};
			};
			buildConfigurationList = A1A6C28D2716A9A9003374DD /* Build configuration list for PBXProject "MultiplayerSearch" */;
			compatibilityVersion = "Xcode 13.0";
			developmentRegion = en;
			hasScannedForEncodings = 0;
			knownRegions = (
				en,
				Base,
			);
			mainGroup = A1A6C2892716A9A9003374DD;
			productRefGroup = A1A6C2932716A9A9003374DD /* Products */;
			projectDirPath = "";
			projectRoot = "";
			targets = (
				A1A6C2912716A9A9003374DD /* MultiplayerSearch */,
			);
		};
/* End PBXProject section */

/* Begin PBXResourcesBuildPhase section */
		A1A6C2902716A9A9003374DD /* Resources */ = {
			isa = PBXResourcesBuildPhase;
			buildActionMask = 2147483647;
			files = (
				A1A6C2A22716A9AB003374DD /* LaunchScreen.storyboard in Resources */,
				A1A6C2AC2716AA9F003374DD /* Arial Rounded Bold.ttf in Resources */,
				A1A6C29F2716A9AB003374DD /* Assets.xcassets in Resources */,
				A1A6C29D2716A9A9003374DD /* Main.storyboard in Resources */,
			);
			runOnlyForDeploymentPostprocessing = 0;
		};
/* End PBXResourcesBuildPhase section */

/* Begin PBXSourcesBuildPhase section */
		A1A6C28E2716A9A9003374DD /* Sources */ = {
			isa = PBXSourcesBuildPhase;
			buildActionMask = 2147483647;
			files = (
				A1A6C29A2716A9A9003374DD /* ViewController.swift in Sources */,
				A1A6C2AA2716AA09003374DD /* AvatarView.swift in Sources */,
				A1A6C2962716A9A9003374DD /* AppDelegate.swift in Sources */,
				A1A6C2982716A9A9003374DD /* SceneDelegate.swift in Sources */,
			);
			runOnlyForDeploymentPostprocessing = 0;
		};
/* End PBXSourcesBuildPhase section */

/* Begin PBXVariantGroup section */
		A1A6C29B2716A9A9003374DD /* Main.storyboard */ = {
			isa = PBXVariantGroup;
			children = (
				A1A6C29C2716A9A9003374DD /* Base */,
			);
			name = Main.storyboard;
			sourceTree = "<group>";
		};
		A1A6C2A02716A9AB003374DD /* LaunchScreen.storyboard */ = {
			isa = PBXVariantGroup;
			children = (
				A1A6C2A12716A9AB003374DD /* Base */,
			);
			name = LaunchScreen.storyboard;
			sourceTree = "<group>";
		};
/* End PBXVariantGroup section */

/* Begin XCBuildConfiguration section */
		A1A6C2A42716A9AB003374DD /* Debug */ = {
			isa = XCBuildConfiguration;
			buildSettings = {
				ALWAYS_SEARCH_USER_PATHS = NO;
				CLANG_ANALYZER_NONNULL = YES;
				CLANG_ANALYZER_NUMBER_OBJECT_CONVERSION = YES_AGGRESSIVE;
				CLANG_CXX_LANGUAGE_STANDARD = "gnu++17";
				CLANG_CXX_LIBRARY = "libc++";
				CLANG_ENABLE_MODULES = YES;
				CLANG_ENABLE_OBJC_ARC = YES;
				CLANG_ENABLE_OBJC_WEAK = YES;
				CLANG_WARN_BLOCK_CAPTURE_AUTORELEASING = YES;
				CLANG_WARN_BOOL_CONVERSION = YES;
				CLANG_WARN_COMMA = YES;
				CLANG_WARN_CONSTANT_CONVERSION = YES;
				CLANG_WARN_DEPRECATED_OBJC_IMPLEMENTATIONS = YES;
				CLANG_WARN_DIRECT_OBJC_ISA_USAGE = YES_ERROR;
				CLANG_WARN_DOCUMENTATION_COMMENTS = YES;
				CLANG_WARN_EMPTY_BODY = YES;
				CLANG_WARN_ENUM_CONVERSION = YES;
				CLANG_WARN_INFINITE_RECURSION = YES;
				CLANG_WARN_INT_CONVERSION = YES;
				CLANG_WARN_NON_LITERAL_NULL_CONVERSION = YES;
				CLANG_WARN_OBJC_IMPLICIT_RETAIN_SELF = YES;
				CLANG_WARN_OBJC_LITERAL_CONVERSION = YES;
				CLANG_WARN_OBJC_ROOT_CLASS = YES_ERROR;
				CLANG_WARN_QUOTED_INCLUDE_IN_FRAMEWORK_HEADER = YES;
				CLANG_WARN_RANGE_LOOP_ANALYSIS = YES;
				CLANG_WARN_STRICT_PROTOTYPES = YES;
				CLANG_WARN_SUSPICIOUS_MOVE = YES;
				CLANG_WARN_UNGUARDED_AVAILABILITY = YES_AGGRESSIVE;
				CLANG_WARN_UNREACHABLE_CODE = YES;
				CLANG_WARN__DUPLICATE_METHOD_MATCH = YES;
				COPY_PHASE_STRIP = NO;
				DEBUG_INFORMATION_FORMAT = dwarf;
				ENABLE_STRICT_OBJC_MSGSEND = YES;
				ENABLE_TESTABILITY = YES;
				GCC_C_LANGUAGE_STANDARD = gnu11;
				GCC_DYNAMIC_NO_PIC = NO;
				GCC_NO_COMMON_BLOCKS = YES;
				GCC_OPTIMIZATION_LEVEL = 0;
				GCC_PREPROCESSOR_DEFINITIONS = (
					"DEBUG=1",
					"$(inherited)",
				);
				GCC_WARN_64_TO_32_BIT_CONVERSION = YES;
				GCC_WARN_ABOUT_RETURN_TYPE = YES_ERROR;
				GCC_WARN_UNDECLARED_SELECTOR = YES;
				GCC_WARN_UNINITIALIZED_AUTOS = YES_AGGRESSIVE;
				GCC_WARN_UNUSED_FUNCTION = YES;
				GCC_WARN_UNUSED_VARIABLE = YES;
				IPHONEOS_DEPLOYMENT_TARGET = 13.0;
				MTL_ENABLE_DEBUG_INFO = INCLUDE_SOURCE;
				MTL_FAST_MATH = YES;
				ONLY_ACTIVE_ARCH = YES;
				SDKROOT = iphoneos;
				SWIFT_ACTIVE_COMPILATION_CONDITIONS = DEBUG;
				SWIFT_OPTIMIZATION_LEVEL = "-Onone";
			};
			name = Debug;
		};
		A1A6C2A52716A9AB003374DD /* Release */ = {
			isa = XCBuildConfiguration;
			buildSettings = {
				ALWAYS_SEARCH_USER_PATHS = NO;
				CLANG_ANALYZER_NONNULL = YES;
				CLANG_ANALYZER_NUMBER_OBJECT_CONVERSION = YES_AGGRESSIVE;
				CLANG_CXX_LANGUAGE_STANDARD = "gnu++17";
				CLANG_CXX_LIBRARY = "libc++";
				CLANG_ENABLE_MODULES = YES;
				CLANG_ENABLE_OBJC_ARC = YES;
				CLANG_ENABLE_OBJC_WEAK = YES;
				CLANG_WARN_BLOCK_CAPTURE_AUTORELEASING = YES;
				CLANG_WARN_BOOL_CONVERSION = YES;
				CLANG_WARN_COMMA = YES;
				CLANG_WARN_CONSTANT_CONVERSION = YES;
				CLANG_WARN_DEPRECATED_OBJC_IMPLEMENTATIONS = YES;
				CLANG_WARN_DIRECT_OBJC_ISA_USAGE = YES_ERROR;
				CLANG_WARN_DOCUMENTATION_COMMENTS = YES;
				CLANG_WARN_EMPTY_BODY = YES;
				CLANG_WARN_ENUM_CONVERSION = YES;
				CLANG_WARN_INFINITE_RECURSION = YES;
				CLANG_WARN_INT_CONVERSION = YES;
				CLANG_WARN_NON_LITERAL_NULL_CONVERSION = YES;
				CLANG_WARN_OBJC_IMPLICIT_RETAIN_SELF = YES;
				CLANG_WARN_OBJC_LITERAL_CONVERSION = YES;
				CLANG_WARN_OBJC_ROOT_CLASS = YES_ERROR;
				CLANG_WARN_QUOTED_INCLUDE_IN_FRAMEWORK_HEADER = YES;
				CLANG_WARN_RANGE_LOOP_ANALYSIS = YES;
				CLANG_WARN_STRICT_PROTOTYPES = YES;
				CLANG_WARN_SUSPICIOUS_MOVE = YES;
				CLANG_WARN_UNGUARDED_AVAILABILITY = YES_AGGRESSIVE;
				CLANG_WARN_UNREACHABLE_CODE = YES;
				CLANG_WARN__DUPLICATE_METHOD_MATCH = YES;
				COPY_PHASE_STRIP = NO;
				DEBUG_INFORMATION_FORMAT = "dwarf-with-dsym";
				ENABLE_NS_ASSERTIONS = NO;
				ENABLE_STRICT_OBJC_MSGSEND = YES;
				GCC_C_LANGUAGE_STANDARD = gnu11;
				GCC_NO_COMMON_BLOCKS = YES;
				GCC_WARN_64_TO_32_BIT_CONVERSION = YES;
				GCC_WARN_ABOUT_RETURN_TYPE = YES_ERROR;
				GCC_WARN_UNDECLARED_SELECTOR = YES;
				GCC_WARN_UNINITIALIZED_AUTOS = YES_AGGRESSIVE;
				GCC_WARN_UNUSED_FUNCTION = YES;
				GCC_WARN_UNUSED_VARIABLE = YES;
				IPHONEOS_DEPLOYMENT_TARGET = 13.0;
				MTL_ENABLE_DEBUG_INFO = NO;
				MTL_FAST_MATH = YES;
				SDKROOT = iphoneos;
				SWIFT_COMPILATION_MODE = wholemodule;
				SWIFT_OPTIMIZATION_LEVEL = "-O";
				VALIDATE_PRODUCT = YES;
			};
			name = Release;
		};
		A1A6C2A72716A9AB003374DD /* Debug */ = {
			isa = XCBuildConfiguration;
			buildSettings = {
				ASSETCATALOG_COMPILER_APPICON_NAME = AppIcon;
				ASSETCATALOG_COMPILER_GLOBAL_ACCENT_COLOR_NAME = AccentColor;
				CODE_SIGN_STYLE = Automatic;
				CURRENT_PROJECT_VERSION = 1;
				DEVELOPMENT_TEAM = 23PHMUFYTH;
				GENERATE_INFOPLIST_FILE = YES;
				INFOPLIST_FILE = MultiplayerSearch/Info.plist;
				INFOPLIST_KEY_UIApplicationSupportsIndirectInputEvents = YES;
				INFOPLIST_KEY_UILaunchStoryboardName = LaunchScreen;
				INFOPLIST_KEY_UIMainStoryboardFile = Main;
				INFOPLIST_KEY_UISupportedInterfaceOrientations_iPad = "UIInterfaceOrientationPortrait UIInterfaceOrientationPortraitUpsideDown UIInterfaceOrientationLandscapeLeft UIInterfaceOrientationLandscapeRight";
				INFOPLIST_KEY_UISupportedInterfaceOrientations_iPhone = "UIInterfaceOrientationPortrait UIInterfaceOrientationLandscapeLeft UIInterfaceOrientationLandscapeRight";
				IPHONEOS_DEPLOYMENT_TARGET = 13.0;
				LD_RUNPATH_SEARCH_PATHS = (
					"$(inherited)",
					"@executable_path/Frameworks",
				);
				MARKETING_VERSION = 1.0;
				PRODUCT_BUNDLE_IDENTIFIER = "com.boris-ezhov.MultiplayerSearch";
				PRODUCT_NAME = "$(TARGET_NAME)";
				SWIFT_EMIT_LOC_STRINGS = YES;
				SWIFT_VERSION = 5.0;
				TARGETED_DEVICE_FAMILY = 1;
			};
			name = Debug;
		};
		A1A6C2A82716A9AB003374DD /* Release */ = {
			isa = XCBuildConfiguration;
			buildSettings = {
				ASSETCATALOG_COMPILER_APPICON_NAME = AppIcon;
				ASSETCATALOG_COMPILER_GLOBAL_ACCENT_COLOR_NAME = AccentColor;
				CODE_SIGN_STYLE = Automatic;
				CURRENT_PROJECT_VERSION = 1;
				DEVELOPMENT_TEAM = 23PHMUFYTH;
				GENERATE_INFOPLIST_FILE = YES;
				INFOPLIST_FILE = MultiplayerSearch/Info.plist;
				INFOPLIST_KEY_UIApplicationSupportsIndirectInputEvents = YES;
				INFOPLIST_KEY_UILaunchStoryboardName = LaunchScreen;
				INFOPLIST_KEY_UIMainStoryboardFile = Main;
				INFOPLIST_KEY_UISupportedInterfaceOrientations_iPad = "UIInterfaceOrientationPortrait UIInterfaceOrientationPortraitUpsideDown UIInterfaceOrientationLandscapeLeft UIInterfaceOrientationLandscapeRight";
				INFOPLIST_KEY_UISupportedInterfaceOrientations_iPhone = "UIInterfaceOrientationPortrait UIInterfaceOrientationLandscapeLeft UIInterfaceOrientationLandscapeRight";
				IPHONEOS_DEPLOYMENT_TARGET = 13.0;
				LD_RUNPATH_SEARCH_PATHS = (
					"$(inherited)",
					"@executable_path/Frameworks",
				);
				MARKETING_VERSION = 1.0;
				PRODUCT_BUNDLE_IDENTIFIER = "com.boris-ezhov.MultiplayerSearch";
				PRODUCT_NAME = "$(TARGET_NAME)";
				SWIFT_EMIT_LOC_STRINGS = YES;
				SWIFT_VERSION = 5.0;
				TARGETED_DEVICE_FAMILY = 1;
			};
			name = Release;
		};
/* End XCBuildConfiguration section */

/* Begin XCConfigurationList section */
		A1A6C28D2716A9A9003374DD /* Build configuration list for PBXProject "MultiplayerSearch" */ = {
			isa = XCConfigurationList;
			buildConfigurations = (
				A1A6C2A42716A9AB003374DD /* Debug */,
				A1A6C2A52716A9AB003374DD /* Release */,
			);
			defaultConfigurationIsVisible = 0;
			defaultConfigurationName = Release;
		};
		A1A6C2A62716A9AB003374DD /* Build configuration list for PBXNativeTarget "MultiplayerSearch" */ = {
			isa = XCConfigurationList;
			buildConfigurations = (
				A1A6C2A72716A9AB003374DD /* Debug */,
				A1A6C2A82716A9AB003374DD /* Release */,
			);
			defaultConfigurationIsVisible = 0;
			defaultConfigurationName = Release;
		};
/* End XCConfigurationList section */
	};
	rootObject = A1A6C28A2716A9A9003374DD /* Project object */;
}
